{
  "dependencies": {
    "googleapis": {
      "version": "http://registry.npmjs.org/googleapis/-/googleapis-2.1.7.tgz",
      "dependencies": {
        "async": {
          "version": "http://registry.npmjs.org/async/-/async-1.5.2.tgz"
        },
        "gapitoken": {
          "version": "http://registry.npmjs.org/gapitoken/-/gapitoken-0.1.5.tgz",
          "dependencies": {
            "jws": {
              "version": "http://registry.npmjs.org/jws/-/jws-3.0.0.tgz",
              "dependencies": {
                "jwa": {
                  "version": "http://registry.npmjs.org/jwa/-/jwa-1.0.2.tgz",
                  "dependencies": {
                    "base64url": {
                      "version": "http://registry.npmjs.org/base64url/-/base64url-0.0.6.tgz"
                    },
                    "buffer-equal-constant-time": {
                      "version": "http://registry.npmjs.org/buffer-equal-constant-time/-/buffer-equal-constant-time-1.0.1.tgz"
                    },
                    "ecdsa-sig-formatter": {
                      "version": "http://registry.npmjs.org/ecdsa-sig-formatter/-/ecdsa-sig-formatter-1.0.2.tgz",
                      "dependencies": {
                        "asn1.js": {
                          "version": "http://registry.npmjs.org/asn1.js/-/asn1.js-2.2.1.tgz",
                          "dependencies": {
                            "bn.js": {
                              "version": "http://registry.npmjs.org/bn.js/-/bn.js-2.2.0.tgz"
                            },
                            "inherits": {
                              "version": "2.0.1"
                            },
                            "minimalistic-assert": {
                              "version": "http://registry.npmjs.org/minimalistic-assert/-/minimalistic-assert-1.0.0.tgz"
                            }
                          }
                        },
                        "base64-url": {
                          "version": "http://registry.npmjs.org/base64-url/-/base64-url-1.2.1.tgz"
                        }
                      }
                    }
                  }
                },
                "base64url": {
                  "version": "http://registry.npmjs.org/base64url/-/base64url-1.0.5.tgz",
                  "dependencies": {
                    "concat-stream": {
                      "version": "http://registry.npmjs.org/concat-stream/-/concat-stream-1.4.10.tgz",
                      "dependencies": {
                        "inherits": {
                          "version": "2.0.1"
                        },
                        "typedarray": {
                          "version": "http://registry.npmjs.org/typedarray/-/typedarray-0.0.6.tgz"
                        },
                        "readable-stream": {
                          "version": "http://registry.npmjs.org/readable-stream/-/readable-stream-1.1.13.tgz",
                          "dependencies": {
                            "core-util-is": {
                              "version": "http://registry.npmjs.org/core-util-is/-/core-util-is-1.0.2.tgz"
                            },
                            "isarray": {
                              "version": "http://registry.npmjs.org/isarray/-/isarray-0.0.1.tgz"
                            },
                            "string_decoder": {
                              "version": "http://registry.npmjs.org/string_decoder/-/string_decoder-0.10.31.tgz"
                            }
                          }
                        }
                      }
                    },
                    "meow": {
                      "version": "http://registry.npmjs.org/meow/-/meow-2.0.0.tgz",
                      "dependencies": {
                        "camelcase-keys": {
                          "version": "http://registry.npmjs.org/camelcase-keys/-/camelcase-keys-1.0.0.tgz",
                          "dependencies": {
                            "camelcase": {
                              "version": "http://registry.npmjs.org/camelcase/-/camelcase-1.2.1.tgz"
                            },
                            "map-obj": {
                              "version": "http://registry.npmjs.org/map-obj/-/map-obj-1.0.1.tgz"
                            }
                          }
                        },
                        "indent-string": {
                          "version": "http://registry.npmjs.org/indent-string/-/indent-string-1.2.2.tgz",
                          "dependencies": {
                            "get-stdin": {
                              "version": "http://registry.npmjs.org/get-stdin/-/get-stdin-4.0.1.tgz"
                            },
                            "repeating": {
                              "version": "http://registry.npmjs.org/repeating/-/repeating-1.1.3.tgz",
                              "dependencies": {
                                "is-finite": {
                                  "version": "http://registry.npmjs.org/is-finite/-/is-finite-1.0.1.tgz",
                                  "dependencies": {
                                    "number-is-nan": {
                                      "version": "http://registry.npmjs.org/number-is-nan/-/number-is-nan-1.0.0.tgz"
                                    }
                                  }
                                }
                              }
                            }
                          }
                        },
                        "minimist": {
                          "version": "http://registry.npmjs.org/minimist/-/minimist-1.2.0.tgz"
                        },
                        "object-assign": {
                          "version": "http://registry.npmjs.org/object-assign/-/object-assign-1.0.0.tgz"
                        }
                      }
                    }
                  }
                }
              }
            }
          }
        },
        "google-auth-library": {
          "version": "http://registry.npmjs.org/google-auth-library/-/google-auth-library-0.9.7.tgz",
          "dependencies": {
            "async": {
              "version": "http://registry.npmjs.org/async/-/async-1.4.2.tgz"
            },
            "gtoken": {
              "version": "http://registry.npmjs.org/gtoken/-/gtoken-1.2.0.tgz",
              "dependencies": {
                "google-p12-pem": {
                  "version": "http://registry.npmjs.org/google-p12-pem/-/google-p12-pem-0.1.0.tgz",
                  "dependencies": {
                    "node-forge": {
                      "version": "http://registry.npmjs.org/node-forge/-/node-forge-0.6.38.tgz"
                    }
                  }
                },
                "mime": {
                  "version": "http://registry.npmjs.org/mime/-/mime-1.3.4.tgz"
                }
              }
            },
            "lodash.noop": {
              "version": "http://registry.npmjs.org/lodash.noop/-/lodash.noop-3.0.0.tgz"
            },
            "jws": {
              "version": "http://registry.npmjs.org/jws/-/jws-3.0.0.tgz",
              "dependencies": {
                "jwa": {
                  "version": "http://registry.npmjs.org/jwa/-/jwa-1.0.2.tgz",
                  "dependencies": {
                    "base64url": {
                      "version": "http://registry.npmjs.org/base64url/-/base64url-0.0.6.tgz"
                    },
                    "buffer-equal-constant-time": {
                      "version": "http://registry.npmjs.org/buffer-equal-constant-time/-/buffer-equal-constant-time-1.0.1.tgz"
                    },
                    "ecdsa-sig-formatter": {
                      "version": "http://registry.npmjs.org/ecdsa-sig-formatter/-/ecdsa-sig-formatter-1.0.2.tgz",
                      "dependencies": {
                        "asn1.js": {
                          "version": "http://registry.npmjs.org/asn1.js/-/asn1.js-2.2.1.tgz",
                          "dependencies": {
                            "bn.js": {
                              "version": "http://registry.npmjs.org/bn.js/-/bn.js-2.2.0.tgz"
                            },
                            "inherits": {
                              "version": "2.0.1"
                            },
                            "minimalistic-assert": {
                              "version": "http://registry.npmjs.org/minimalistic-assert/-/minimalistic-assert-1.0.0.tgz"
                            }
                          }
                        },
                        "base64-url": {
                          "version": "http://registry.npmjs.org/base64-url/-/base64-url-1.2.1.tgz"
                        }
                      }
                    }
                  }
                },
                "base64url": {
                  "version": "http://registry.npmjs.org/base64url/-/base64url-1.0.5.tgz",
                  "dependencies": {
                    "concat-stream": {
                      "version": "http://registry.npmjs.org/concat-stream/-/concat-stream-1.4.10.tgz",
                      "dependencies": {
                        "inherits": {
                          "version": "2.0.1"
                        },
                        "typedarray": {
                          "version": "http://registry.npmjs.org/typedarray/-/typedarray-0.0.6.tgz"
                        },
                        "readable-stream": {
                          "version": "http://registry.npmjs.org/readable-stream/-/readable-stream-1.1.13.tgz",
                          "dependencies": {
                            "core-util-is": {
                              "version": "http://registry.npmjs.org/core-util-is/-/core-util-is-1.0.2.tgz"
                            },
                            "isarray": {
                              "version": "http://registry.npmjs.org/isarray/-/isarray-0.0.1.tgz"
                            },
                            "string_decoder": {
                              "version": "http://registry.npmjs.org/string_decoder/-/string_decoder-0.10.31.tgz"
                            }
                          }
                        }
                      }
                    },
                    "meow": {
                      "version": "http://registry.npmjs.org/meow/-/meow-2.0.0.tgz",
                      "dependencies": {
                        "camelcase-keys": {
                          "version": "http://registry.npmjs.org/camelcase-keys/-/camelcase-keys-1.0.0.tgz",
                          "dependencies": {
                            "camelcase": {
                              "version": "http://registry.npmjs.org/camelcase/-/camelcase-1.2.1.tgz"
                            },
                            "map-obj": {
                              "version": "http://registry.npmjs.org/map-obj/-/map-obj-1.0.1.tgz"
                            }
                          }
                        },
                        "indent-string": {
                          "version": "http://registry.npmjs.org/indent-string/-/indent-string-1.2.2.tgz",
                          "dependencies": {
                            "get-stdin": {
                              "version": "http://registry.npmjs.org/get-stdin/-/get-stdin-4.0.1.tgz"
                            },
                            "repeating": {
                              "version": "http://registry.npmjs.org/repeating/-/repeating-1.1.3.tgz",
                              "dependencies": {
                                "is-finite": {
                                  "version": "http://registry.npmjs.org/is-finite/-/is-finite-1.0.1.tgz",
                                  "dependencies": {
                                    "number-is-nan": {
                                      "version": "http://registry.npmjs.org/number-is-nan/-/number-is-nan-1.0.0.tgz"
                                    }
                                  }
                                }
                              }
                            }
                          }
                        },
                        "minimist": {
                          "version": "http://registry.npmjs.org/minimist/-/minimist-1.2.0.tgz"
                        },
                        "object-assign": {
                          "version": "http://registry.npmjs.org/object-assign/-/object-assign-1.0.0.tgz"
                        }
                      }
                    }
                  }
                }
              }
            },
            "request": {
              "version": "http://registry.npmjs.org/request/-/request-2.60.0.tgz",
              "dependencies": {
                "bl": {
                  "version": "http://registry.npmjs.org/bl/-/bl-1.0.0.tgz",
                  "dependencies": {
                    "readable-stream": {
                      "version": "http://registry.npmjs.org/readable-stream/-/readable-stream-2.0.5.tgz",
                      "dependencies": {
                        "core-util-is": {
                          "version": "http://registry.npmjs.org/core-util-is/-/core-util-is-1.0.2.tgz"
                        },
                        "inherits": {
                          "version": "2.0.1"
                        },
                        "isarray": {
                          "version": "http://registry.npmjs.org/isarray/-/isarray-0.0.1.tgz"
                        },
                        "process-nextick-args": {
                          "version": "http://registry.npmjs.org/process-nextick-args/-/process-nextick-args-1.0.6.tgz"
                        },
                        "string_decoder": {
                          "version": "http://registry.npmjs.org/string_decoder/-/string_decoder-0.10.31.tgz"
                        },
                        "util-deprecate": {
                          "version": "http://registry.npmjs.org/util-deprecate/-/util-deprecate-1.0.2.tgz"
                        }
                      }
                    }
                  }
                },
                "caseless": {
                  "version": "http://registry.npmjs.org/caseless/-/caseless-0.11.0.tgz"
                },
                "extend": {
                  "version": "http://registry.npmjs.org/extend/-/extend-3.0.0.tgz"
                },
                "forever-agent": {
                  "version": "http://registry.npmjs.org/forever-agent/-/forever-agent-0.6.1.tgz"
                },
                "form-data": {
                  "version": "http://registry.npmjs.org/form-data/-/form-data-1.0.0-rc3.tgz"
                },
                "json-stringify-safe": {
                  "version": "http://registry.npmjs.org/json-stringify-safe/-/json-stringify-safe-5.0.1.tgz"
                },
                "mime-types": {
                  "version": "http://registry.npmjs.org/mime-types/-/mime-types-2.1.9.tgz",
                  "dependencies": {
                    "mime-db": {
                      "version": "http://registry.npmjs.org/mime-db/-/mime-db-1.21.0.tgz"
                    }
                  }
                },
                "node-uuid": {
                  "version": "http://registry.npmjs.org/node-uuid/-/node-uuid-1.4.7.tgz"
                },
                "qs": {
                  "version": "http://registry.npmjs.org/qs/-/qs-4.0.0.tgz"
                },
                "tunnel-agent": {
                  "version": "http://registry.npmjs.org/tunnel-agent/-/tunnel-agent-0.4.2.tgz"
                },
                "tough-cookie": {
                  "version": "http://registry.npmjs.org/tough-cookie/-/tough-cookie-2.2.1.tgz"
                },
                "http-signature": {
                  "version": "http://registry.npmjs.org/http-signature/-/http-signature-0.11.0.tgz",
                  "dependencies": {
                    "assert-plus": {
                      "version": "http://registry.npmjs.org/assert-plus/-/assert-plus-0.1.5.tgz"
                    },
                    "asn1": {
                      "version": "http://registry.npmjs.org/asn1/-/asn1-0.1.11.tgz"
                    },
                    "ctype": {
                      "version": "http://registry.npmjs.org/ctype/-/ctype-0.5.3.tgz"
                    }
                  }
                },
                "oauth-sign": {
                  "version": "http://registry.npmjs.org/oauth-sign/-/oauth-sign-0.8.0.tgz"
                },
                "hawk": {
                  "version": "http://registry.npmjs.org/hawk/-/hawk-3.1.2.tgz",
                  "dependencies": {
                    "hoek": {
                      "version": "http://registry.npmjs.org/hoek/-/hoek-2.16.3.tgz"
                    },
                    "boom": {
                      "version": "http://registry.npmjs.org/boom/-/boom-2.10.1.tgz"
                    },
                    "cryptiles": {
                      "version": "http://registry.npmjs.org/cryptiles/-/cryptiles-2.0.5.tgz"
                    },
                    "sntp": {
                      "version": "http://registry.npmjs.org/sntp/-/sntp-1.0.9.tgz"
                    }
                  }
                },
                "aws-sign2": {
                  "version": "http://registry.npmjs.org/aws-sign2/-/aws-sign2-0.5.0.tgz"
                },
                "stringstream": {
                  "version": "http://registry.npmjs.org/stringstream/-/stringstream-0.0.5.tgz"
                },
                "combined-stream": {
                  "version": "http://registry.npmjs.org/combined-stream/-/combined-stream-1.0.5.tgz",
                  "dependencies": {
                    "delayed-stream": {
                      "version": "http://registry.npmjs.org/delayed-stream/-/delayed-stream-1.0.0.tgz"
                    }
                  }
                },
                "isstream": {
                  "version": "http://registry.npmjs.org/isstream/-/isstream-0.1.2.tgz"
                },
                "har-validator": {
                  "version": "http://registry.npmjs.org/har-validator/-/har-validator-1.8.0.tgz",
                  "dependencies": {
                    "bluebird": {
                      "version": "http://registry.npmjs.org/bluebird/-/bluebird-2.10.2.tgz"
                    },
                    "chalk": {
                      "version": "http://registry.npmjs.org/chalk/-/chalk-1.1.1.tgz",
                      "dependencies": {
                        "ansi-styles": {
                          "version": "http://registry.npmjs.org/ansi-styles/-/ansi-styles-2.1.0.tgz"
                        },
                        "escape-string-regexp": {
                          "version": "http://registry.npmjs.org/escape-string-regexp/-/escape-string-regexp-1.0.4.tgz"
                        },
                        "has-ansi": {
                          "version": "http://registry.npmjs.org/has-ansi/-/has-ansi-2.0.0.tgz",
                          "dependencies": {
                            "ansi-regex": {
                              "version": "http://registry.npmjs.org/ansi-regex/-/ansi-regex-2.0.0.tgz"
                            }
                          }
                        },
                        "strip-ansi": {
                          "version": "http://registry.npmjs.org/strip-ansi/-/strip-ansi-3.0.0.tgz",
                          "dependencies": {
                            "ansi-regex": {
                              "version": "http://registry.npmjs.org/ansi-regex/-/ansi-regex-2.0.0.tgz"
                            }
                          }
                        },
                        "supports-color": {
                          "version": "http://registry.npmjs.org/supports-color/-/supports-color-2.0.0.tgz"
                        }
                      }
                    },
                    "commander": {
                      "version": "http://registry.npmjs.org/commander/-/commander-2.9.0.tgz",
                      "dependencies": {
                        "graceful-readlink": {
                          "version": "http://registry.npmjs.org/graceful-readlink/-/graceful-readlink-1.0.1.tgz"
                        }
                      }
                    },
                    "is-my-json-valid": {
                      "version": "http://registry.npmjs.org/is-my-json-valid/-/is-my-json-valid-2.12.3.tgz",
                      "dependencies": {
                        "generate-function": {
                          "version": "http://registry.npmjs.org/generate-function/-/generate-function-2.0.0.tgz"
                        },
                        "generate-object-property": {
                          "version": "http://registry.npmjs.org/generate-object-property/-/generate-object-property-1.2.0.tgz",
                          "dependencies": {
                            "is-property": {
                              "version": "http://registry.npmjs.org/is-property/-/is-property-1.0.2.tgz"
                            }
                          }
                        },
                        "jsonpointer": {
                          "version": "http://registry.npmjs.org/jsonpointer/-/jsonpointer-2.0.0.tgz"
                        },
                        "xtend": {
                          "version": "http://registry.npmjs.org/xtend/-/xtend-4.0.1.tgz"
                        }
                      }
                    }
                  }
                }
              }
            }
          }
        },
        "request": {
          "version": "http://registry.npmjs.org/request/-/request-2.65.0.tgz",
          "dependencies": {
            "bl": {
              "version": "http://registry.npmjs.org/bl/-/bl-1.0.0.tgz",
              "dependencies": {
                "readable-stream": {
                  "version": "http://registry.npmjs.org/readable-stream/-/readable-stream-2.0.5.tgz",
                  "dependencies": {
                    "core-util-is": {
                      "version": "http://registry.npmjs.org/core-util-is/-/core-util-is-1.0.2.tgz"
                    },
                    "inherits": {
                      "version": "2.0.1"
                    },
                    "isarray": {
                      "version": "http://registry.npmjs.org/isarray/-/isarray-0.0.1.tgz"
                    },
                    "process-nextick-args": {
                      "version": "http://registry.npmjs.org/process-nextick-args/-/process-nextick-args-1.0.6.tgz"
                    },
                    "string_decoder": {
                      "version": "http://registry.npmjs.org/string_decoder/-/string_decoder-0.10.31.tgz"
                    },
                    "util-deprecate": {
                      "version": "http://registry.npmjs.org/util-deprecate/-/util-deprecate-1.0.2.tgz"
                    }
                  }
                }
              }
            },
            "caseless": {
              "version": "http://registry.npmjs.org/caseless/-/caseless-0.11.0.tgz"
            },
            "extend": {
              "version": "http://registry.npmjs.org/extend/-/extend-3.0.0.tgz"
            },
            "forever-agent": {
              "version": "http://registry.npmjs.org/forever-agent/-/forever-agent-0.6.1.tgz"
            },
            "form-data": {
              "version": "http://registry.npmjs.org/form-data/-/form-data-1.0.0-rc3.tgz"
            },
            "json-stringify-safe": {
              "version": "http://registry.npmjs.org/json-stringify-safe/-/json-stringify-safe-5.0.1.tgz"
            },
            "mime-types": {
              "version": "http://registry.npmjs.org/mime-types/-/mime-types-2.1.9.tgz",
              "dependencies": {
                "mime-db": {
                  "version": "http://registry.npmjs.org/mime-db/-/mime-db-1.21.0.tgz"
                }
              }
            },
            "node-uuid": {
              "version": "http://registry.npmjs.org/node-uuid/-/node-uuid-1.4.7.tgz"
            },
            "qs": {
              "version": "http://registry.npmjs.org/qs/-/qs-5.2.0.tgz"
            },
            "tunnel-agent": {
              "version": "http://registry.npmjs.org/tunnel-agent/-/tunnel-agent-0.4.2.tgz"
            },
            "tough-cookie": {
              "version": "http://registry.npmjs.org/tough-cookie/-/tough-cookie-2.2.1.tgz"
            },
            "http-signature": {
              "version": "http://registry.npmjs.org/http-signature/-/http-signature-0.11.0.tgz",
              "dependencies": {
                "assert-plus": {
                  "version": "http://registry.npmjs.org/assert-plus/-/assert-plus-0.1.5.tgz"
                },
                "asn1": {
                  "version": "http://registry.npmjs.org/asn1/-/asn1-0.1.11.tgz"
                },
                "ctype": {
                  "version": "http://registry.npmjs.org/ctype/-/ctype-0.5.3.tgz"
                }
              }
            },
            "oauth-sign": {
              "version": "http://registry.npmjs.org/oauth-sign/-/oauth-sign-0.8.0.tgz"
            },
            "hawk": {
              "version": "http://registry.npmjs.org/hawk/-/hawk-3.1.2.tgz",
              "dependencies": {
                "hoek": {
                  "version": "http://registry.npmjs.org/hoek/-/hoek-2.16.3.tgz"
                },
                "boom": {
                  "version": "http://registry.npmjs.org/boom/-/boom-2.10.1.tgz"
                },
                "cryptiles": {
                  "version": "http://registry.npmjs.org/cryptiles/-/cryptiles-2.0.5.tgz"
                },
                "sntp": {
                  "version": "http://registry.npmjs.org/sntp/-/sntp-1.0.9.tgz"
                }
              }
            },
            "aws-sign2": {
              "version": "http://registry.npmjs.org/aws-sign2/-/aws-sign2-0.6.0.tgz"
            },
            "stringstream": {
              "version": "http://registry.npmjs.org/stringstream/-/stringstream-0.0.5.tgz"
            },
            "combined-stream": {
              "version": "http://registry.npmjs.org/combined-stream/-/combined-stream-1.0.5.tgz",
              "dependencies": {
                "delayed-stream": {
                  "version": "http://registry.npmjs.org/delayed-stream/-/delayed-stream-1.0.0.tgz"
                }
              }
            },
            "isstream": {
              "version": "http://registry.npmjs.org/isstream/-/isstream-0.1.2.tgz"
            },
            "har-validator": {
              "version": "http://registry.npmjs.org/har-validator/-/har-validator-2.0.3.tgz",
              "dependencies": {
                "chalk": {
                  "version": "http://registry.npmjs.org/chalk/-/chalk-1.1.1.tgz",
                  "dependencies": {
                    "ansi-styles": {
                      "version": "http://registry.npmjs.org/ansi-styles/-/ansi-styles-2.1.0.tgz"
                    },
                    "escape-string-regexp": {
                      "version": "http://registry.npmjs.org/escape-string-regexp/-/escape-string-regexp-1.0.4.tgz"
                    },
                    "has-ansi": {
                      "version": "http://registry.npmjs.org/has-ansi/-/has-ansi-2.0.0.tgz",
                      "dependencies": {
                        "ansi-regex": {
                          "version": "http://registry.npmjs.org/ansi-regex/-/ansi-regex-2.0.0.tgz"
                        }
                      }
                    },
                    "strip-ansi": {
                      "version": "http://registry.npmjs.org/strip-ansi/-/strip-ansi-3.0.0.tgz",
                      "dependencies": {
                        "ansi-regex": {
                          "version": "http://registry.npmjs.org/ansi-regex/-/ansi-regex-2.0.0.tgz"
                        }
                      }
                    },
                    "supports-color": {
                      "version": "http://registry.npmjs.org/supports-color/-/supports-color-2.0.0.tgz"
                    }
                  }
                },
                "commander": {
                  "version": "http://registry.npmjs.org/commander/-/commander-2.9.0.tgz",
                  "dependencies": {
                    "graceful-readlink": {
                      "version": "http://registry.npmjs.org/graceful-readlink/-/graceful-readlink-1.0.1.tgz"
                    }
                  }
                },
                "is-my-json-valid": {
                  "version": "http://registry.npmjs.org/is-my-json-valid/-/is-my-json-valid-2.12.3.tgz",
                  "dependencies": {
                    "generate-function": {
                      "version": "http://registry.npmjs.org/generate-function/-/generate-function-2.0.0.tgz"
                    },
                    "generate-object-property": {
                      "version": "http://registry.npmjs.org/generate-object-property/-/generate-object-property-1.2.0.tgz",
                      "dependencies": {
                        "is-property": {
                          "version": "http://registry.npmjs.org/is-property/-/is-property-1.0.2.tgz"
                        }
                      }
                    },
                    "jsonpointer": {
                      "version": "http://registry.npmjs.org/jsonpointer/-/jsonpointer-2.0.0.tgz"
                    },
                    "xtend": {
                      "version": "http://registry.npmjs.org/xtend/-/xtend-4.0.1.tgz"
                    }
                  }
                },
                "pinkie-promise": {
                  "version": "http://registry.npmjs.org/pinkie-promise/-/pinkie-promise-2.0.0.tgz",
                  "dependencies": {
                    "pinkie": {
                      "version": "http://registry.npmjs.org/pinkie/-/pinkie-2.0.1.tgz"
                    }
                  }
                }
              }
            }
          }
        },
        "string-template": {
          "version": "http://registry.npmjs.org/string-template/-/string-template-0.2.1.tgz"
        }
      }
    }
  }
}
