{
  "dependencies": {
    "externalify": {
      "version": "http://registry.npmjs.org/externalify/-/externalify-0.1.0.tgz",
      "dependencies": {
        "globo": {
          "version": "http://registry.npmjs.org/globo/-/globo-1.0.2.tgz",
          "dependencies": {
            "accessory": {
              "version": "http://registry.npmjs.org/accessory/-/accessory-1.0.1.tgz",
              "dependencies": {
                "dot-parts": {
                  "version": "http://registry.npmjs.org/dot-parts/-/dot-parts-1.0.1.tgz"
                }
              }
            },
            "is-defined": {
              "version": "http://registry.npmjs.org/is-defined/-/is-defined-1.0.0.tgz"
            },
            "ternary": {
              "version": "http://registry.npmjs.org/ternary/-/ternary-1.0.0.tgz"
            }
          }
        },
        "map-obj": {
          "version": "http://registry.npmjs.org/map-obj/-/map-obj-1.0.1.tgz"
        },
        "replace-require-functions": {
          "version": "http://registry.npmjs.org/replace-require-functions/-/replace-require-functions-1.0.0.tgz",
          "dependencies": {
            "detective": {
              "version": "http://registry.npmjs.org/detective/-/detective-4.1.1.tgz",
              "dependencies": {
                "acorn": {
                  "version": "http://registry.npmjs.org/acorn/-/acorn-1.2.2.tgz"
                },
                "defined": {
                  "version": "http://registry.npmjs.org/defined/-/defined-1.0.0.tgz"
                },
                "escodegen": {
                  "version": "http://registry.npmjs.org/escodegen/-/escodegen-1.7.1.tgz",
                  "dependencies": {
                    "estraverse": {
                      "version": "http://registry.npmjs.org/estraverse/-/estraverse-1.9.3.tgz"
                    },
                    "esutils": {
                      "version": "http://registry.npmjs.org/esutils/-/esutils-2.0.2.tgz"
                    },
                    "esprima": {
                      "version": "http://registry.npmjs.org/esprima/-/esprima-1.2.5.tgz"
                    },
                    "optionator": {
                      "version": "http://registry.npmjs.org/optionator/-/optionator-0.5.0.tgz",
                      "dependencies": {
                        "prelude-ls": {
                          "version": "http://registry.npmjs.org/prelude-ls/-/prelude-ls-1.1.2.tgz"
                        },
                        "deep-is": {
                          "version": "http://registry.npmjs.org/deep-is/-/deep-is-0.1.3.tgz"
                        },
                        "wordwrap": {
                          "version": "http://registry.npmjs.org/wordwrap/-/wordwrap-0.0.3.tgz"
                        },
                        "type-check": {
                          "version": "http://registry.npmjs.org/type-check/-/type-check-0.3.1.tgz"
                        },
                        "levn": {
                          "version": "http://registry.npmjs.org/levn/-/levn-0.2.5.tgz"
                        },
                        "fast-levenshtein": {
                          "version": "http://registry.npmjs.org/fast-levenshtein/-/fast-levenshtein-1.0.7.tgz"
                        }
                      }
                    },
                    "source-map": {
                      "version": "http://registry.npmjs.org/source-map/-/source-map-0.2.0.tgz",
                      "dependencies": {
                        "amdefine": {
                          "version": "http://registry.npmjs.org/amdefine/-/amdefine-1.0.0.tgz"
                        }
                      }
                    }
                  }
                }
              }
            },
            "has-require": {
              "version": "http://registry.npmjs.org/has-require/-/has-require-1.2.1.tgz",
              "dependencies": {
                "escape-string-regexp": {
                  "version": "http://registry.npmjs.org/escape-string-regexp/-/escape-string-regexp-1.0.4.tgz"
                }
              }
            },
            "patch-text": {
              "version": "http://registry.npmjs.org/patch-text/-/patch-text-1.0.2.tgz"
            },
            "xtend": {
              "version": "http://registry.npmjs.org/xtend/-/xtend-4.0.1.tgz"
            }
          }
        },
        "through2": {
          "version": "http://registry.npmjs.org/through2/-/through2-0.4.2.tgz",
          "dependencies": {
            "readable-stream": {
              "version": "http://registry.npmjs.org/readable-stream/-/readable-stream-1.0.33.tgz",
              "dependencies": {
                "core-util-is": {
                  "version": "http://registry.npmjs.org/core-util-is/-/core-util-is-1.0.2.tgz"
                },
                "isarray": {
                  "version": "http://registry.npmjs.org/isarray/-/isarray-0.0.1.tgz"
                },
                "string_decoder": {
                  "version": "http://registry.npmjs.org/string_decoder/-/string_decoder-0.10.31.tgz"
                },
                "inherits": {
                  "version": "2.0.1"
                }
              }
            },
            "xtend": {
              "version": "http://registry.npmjs.org/xtend/-/xtend-2.1.2.tgz",
              "dependencies": {
                "object-keys": {
                  "version": "http://registry.npmjs.org/object-keys/-/object-keys-0.4.0.tgz"
                }
              }
            }
          }
        },
        "transformify": {
          "version": "http://registry.npmjs.org/transformify/-/transformify-0.1.2.tgz",
          "dependencies": {
            "readable-stream": {
              "version": "http://registry.npmjs.org/readable-stream/-/readable-stream-1.1.13.tgz",
              "dependencies": {
                "core-util-is": {
                  "version": "http://registry.npmjs.org/core-util-is/-/core-util-is-1.0.2.tgz"
                },
                "isarray": {
                  "version": "http://registry.npmjs.org/isarray/-/isarray-0.0.1.tgz"
                },
                "string_decoder": {
                  "version": "http://registry.npmjs.org/string_decoder/-/string_decoder-0.10.31.tgz"
                },
                "inherits": {
                  "version": "2.0.1"
                }
              }
            }
          }
        }
      }
    },
    "history": {
      "version": "http://registry.npmjs.org/history/-/history-1.13.1.tgz",
      "dependencies": {
        "deep-equal": {
          "version": "http://registry.npmjs.org/deep-equal/-/deep-equal-1.0.1.tgz"
        },
        "invariant": {
          "version": "http://registry.npmjs.org/invariant/-/invariant-2.2.0.tgz",
          "dependencies": {
            "loose-envify": {
              "version": "http://registry.npmjs.org/loose-envify/-/loose-envify-1.1.0.tgz",
              "dependencies": {
                "js-tokens": {
                  "version": "http://registry.npmjs.org/js-tokens/-/js-tokens-1.0.2.tgz"
                }
              }
            }
          }
        },
        "qs": {
          "version": "http://registry.npmjs.org/qs/-/qs-4.0.0.tgz"
        },
        "warning": {
          "version": "http://registry.npmjs.org/warning/-/warning-2.1.0.tgz",
          "dependencies": {
            "loose-envify": {
              "version": "http://registry.npmjs.org/loose-envify/-/loose-envify-1.1.0.tgz",
              "dependencies": {
                "js-tokens": {
                  "version": "http://registry.npmjs.org/js-tokens/-/js-tokens-1.0.2.tgz"
                }
              }
            }
          }
        }
      }
    },
    "react": {
      "version": "http://registry.npmjs.org/react/-/react-0.14.3.tgz",
      "dependencies": {
        "envify": {
          "version": "http://registry.npmjs.org/envify/-/envify-3.4.0.tgz",
          "dependencies": {
            "through": {
              "version": "http://registry.npmjs.org/through/-/through-2.3.8.tgz"
            },
            "jstransform": {
              "version": "http://registry.npmjs.org/jstransform/-/jstransform-10.1.0.tgz",
              "dependencies": {
                "base62": {
                  "version": "http://registry.npmjs.org/base62/-/base62-0.1.1.tgz"
                },
                "esprima-fb": {
                  "version": "http://registry.npmjs.org/esprima-fb/-/esprima-fb-13001.1001.0-dev-harmony-fb.tgz"
                },
                "source-map": {
                  "version": "http://registry.npmjs.org/source-map/-/source-map-0.1.31.tgz",
                  "dependencies": {
                    "amdefine": {
                      "version": "http://registry.npmjs.org/amdefine/-/amdefine-1.0.0.tgz"
                    }
                  }
                }
              }
            }
          }
        },
        "fbjs": {
          "version": "http://registry.npmjs.org/fbjs/-/fbjs-0.3.2.tgz",
          "dependencies": {
            "core-js": {
              "version": "http://registry.npmjs.org/core-js/-/core-js-1.2.6.tgz"
            },
            "loose-envify": {
              "version": "http://registry.npmjs.org/loose-envify/-/loose-envify-1.1.0.tgz",
              "dependencies": {
                "js-tokens": {
                  "version": "http://registry.npmjs.org/js-tokens/-/js-tokens-1.0.2.tgz"
                }
              }
            },
            "promise": {
              "version": "http://registry.npmjs.org/promise/-/promise-7.0.4.tgz",
              "dependencies": {
                "asap": {
                  "version": "http://registry.npmjs.org/asap/-/asap-2.0.3.tgz"
                }
              }
            },
            "ua-parser-js": {
              "version": "http://registry.npmjs.org/ua-parser-js/-/ua-parser-js-0.7.10.tgz"
            },
            "whatwg-fetch": {
              "version": "http://registry.npmjs.org/whatwg-fetch/-/whatwg-fetch-0.9.0.tgz"
            }
          }
        }
      }
    },
    "react-bootstrap": {
      "version": "http://registry.npmjs.org/react-bootstrap/-/react-bootstrap-0.28.1.tgz",
      "dependencies": {
        "babel-runtime": {
          "version": "http://registry.npmjs.org/babel-runtime/-/babel-runtime-5.8.34.tgz",
          "dependencies": {
            "core-js": {
              "version": "http://registry.npmjs.org/core-js/-/core-js-1.2.6.tgz"
            }
          }
        },
        "classnames": {
          "version": "http://registry.npmjs.org/classnames/-/classnames-2.2.1.tgz"
        },
        "dom-helpers": {
          "version": "http://registry.npmjs.org/dom-helpers/-/dom-helpers-2.4.0.tgz"
        },
        "invariant": {
          "version": "http://registry.npmjs.org/invariant/-/invariant-2.2.0.tgz",
          "dependencies": {
            "loose-envify": {
              "version": "http://registry.npmjs.org/loose-envify/-/loose-envify-1.1.0.tgz",
              "dependencies": {
                "js-tokens": {
                  "version": "http://registry.npmjs.org/js-tokens/-/js-tokens-1.0.2.tgz"
                }
              }
            }
          }
        },
        "keycode": {
          "version": "http://registry.npmjs.org/keycode/-/keycode-2.1.0.tgz"
        },
        "lodash-compat": {
          "version": "http://registry.npmjs.org/lodash-compat/-/lodash-compat-3.10.1.tgz"
        },
        "react-overlays": {
          "version": "http://registry.npmjs.org/react-overlays/-/react-overlays-0.5.4.tgz",
          "dependencies": {
            "react-prop-types": {
              "version": "http://registry.npmjs.org/react-prop-types/-/react-prop-types-0.2.2.tgz"
            }
          }
        },
        "react-prop-types": {
          "version": "http://registry.npmjs.org/react-prop-types/-/react-prop-types-0.3.0.tgz"
        },
        "uncontrollable": {
          "version": "http://registry.npmjs.org/uncontrollable/-/uncontrollable-3.2.1.tgz"
        },
        "warning": {
          "version": "http://registry.npmjs.org/warning/-/warning-2.1.0.tgz",
          "dependencies": {
            "loose-envify": {
              "version": "http://registry.npmjs.org/loose-envify/-/loose-envify-1.1.0.tgz",
              "dependencies": {
                "js-tokens": {
                  "version": "http://registry.npmjs.org/js-tokens/-/js-tokens-1.0.2.tgz"
                }
              }
            }
          }
        },
        "react-dom": {
          "version": "http://registry.npmjs.org/react-dom/-/react-dom-0.14.3.tgz"
        },
        "react": {
          "version": "http://registry.npmjs.org/react/-/react-0.14.3.tgz",
          "dependencies": {
            "envify": {
              "version": "http://registry.npmjs.org/envify/-/envify-3.4.0.tgz",
              "dependencies": {
                "through": {
                  "version": "http://registry.npmjs.org/through/-/through-2.3.8.tgz"
                },
                "jstransform": {
                  "version": "http://registry.npmjs.org/jstransform/-/jstransform-10.1.0.tgz",
                  "dependencies": {
                    "base62": {
                      "version": "http://registry.npmjs.org/base62/-/base62-0.1.1.tgz"
                    },
                    "esprima-fb": {
                      "version": "http://registry.npmjs.org/esprima-fb/-/esprima-fb-13001.1001.0-dev-harmony-fb.tgz"
                    },
                    "source-map": {
                      "version": "http://registry.npmjs.org/source-map/-/source-map-0.1.31.tgz",
                      "dependencies": {
                        "amdefine": {
                          "version": "http://registry.npmjs.org/amdefine/-/amdefine-1.0.0.tgz"
                        }
                      }
                    }
                  }
                }
              }
            },
            "fbjs": {
              "version": "http://registry.npmjs.org/fbjs/-/fbjs-0.3.2.tgz",
              "dependencies": {
                "core-js": {
                  "version": "http://registry.npmjs.org/core-js/-/core-js-1.2.6.tgz"
                },
                "loose-envify": {
                  "version": "http://registry.npmjs.org/loose-envify/-/loose-envify-1.1.0.tgz",
                  "dependencies": {
                    "js-tokens": {
                      "version": "http://registry.npmjs.org/js-tokens/-/js-tokens-1.0.2.tgz"
                    }
                  }
                },
                "promise": {
                  "version": "http://registry.npmjs.org/promise/-/promise-7.0.4.tgz",
                  "dependencies": {
                    "asap": {
                      "version": "http://registry.npmjs.org/asap/-/asap-2.0.3.tgz"
                    }
                  }
                },
                "ua-parser-js": {
                  "version": "http://registry.npmjs.org/ua-parser-js/-/ua-parser-js-0.7.10.tgz"
                },
                "whatwg-fetch": {
                  "version": "http://registry.npmjs.org/whatwg-fetch/-/whatwg-fetch-0.9.0.tgz"
                }
              }
            }
          }
        }
      }
    },
    "react-dom": {
      "version": "http://registry.npmjs.org/react-dom/-/react-dom-0.14.3.tgz"
    },
    "react-router": {
      "version": "http://registry.npmjs.org/react-router/-/react-router-1.0.0.tgz",
      "dependencies": {
        "invariant": {
          "version": "http://registry.npmjs.org/invariant/-/invariant-2.2.0.tgz",
          "dependencies": {
            "loose-envify": {
              "version": "http://registry.npmjs.org/loose-envify/-/loose-envify-1.1.0.tgz",
              "dependencies": {
                "js-tokens": {
                  "version": "http://registry.npmjs.org/js-tokens/-/js-tokens-1.0.2.tgz"
                }
              }
            }
          }
        },
        "warning": {
          "version": "http://registry.npmjs.org/warning/-/warning-2.1.0.tgz",
          "dependencies": {
            "loose-envify": {
              "version": "http://registry.npmjs.org/loose-envify/-/loose-envify-1.1.0.tgz",
              "dependencies": {
                "js-tokens": {
                  "version": "http://registry.npmjs.org/js-tokens/-/js-tokens-1.0.2.tgz"
                }
              }
            }
          }
        }
      }
    }
  }
}
